
Microsoft Visual Studio Solution File, Format Version 12.00
# Visual Studio 15
VisualStudioVersion = 15.0.28307.421
MinimumVisualStudioVersion = 10.0.40219.1
Project("{FAE04EC0-301F-11D3-BF4B-00C04F79EFBC}") = "calculo_imc", "calculo_imc\calculo_imc.csproj", "{94073BC4-5818-460D-B701-42C50EA8FCD6}"
EndProject
Global
	GlobalSection(SolutionConfigurationPlatforms) = preSolution
		Debug|Any CPU = Debug|Any CPU
		Release|Any CPU = Release|Any CPU
	EndGlobalSection
	GlobalSection(ProjectConfigurationPlatforms) = postSolution
		{94073BC4-5818-460D-B701-42C50EA8FCD6}.Debug|Any CPU.ActiveCfg = Debug|Any CPU
		{94073BC4-5818-460D-B701-42C50EA8FCD6}.Debug|Any CPU.Build.0 = Debug|Any CPU
		{94073BC4-5818-460D-B701-42C50EA8FCD6}.Release|Any CPU.ActiveCfg = Release|Any CPU
		{94073BC4-5818-460D-B701-42C50EA8FCD6}.Release|Any CPU.Build.0 = Release|Any CPU
	EndGlobalSection
	GlobalSection(SolutionProperties) = preSolution
		HideSolutionNode = FALSE
	EndGlobalSection
	GlobalSection(ExtensibilityGlobals) = postSolution
		SolutionGuid = {2B8CFB41-66EE-48F7-A8F8-0F9CA58101B4}
	EndGlobalSection
EndGlobal
